
Microsoft Visual Studio Solution File, Format Version 12.00
# Visual Studio Version 17
VisualStudioVersion = 17.8.34322.80
MinimumVisualStudioVersion = 10.0.40219.1
Project("{FAE04EC0-301F-11D3-BF4B-00C04F79EFBC}") = "RegistroOperacoes", "RegistroOperacoes\RegistroOperacoes.csproj", "{8B3F1A2C-9D4E-4B7A-9C1F-2E5A6B8D9C01}"
EndProject
Global
	GlobalSection(SolutionConfigurationPlatforms) = preSolution
		Debug|Any CPU = Debug|Any CPU
		Release|Any CPU = Release|Any CPU
	EndGlobalSection
	GlobalSection(ProjectConfigurationPlatforms) = postSolution
		{8B3F1A2C-9D4E-4B7A-9C1F-2E5A6B8D9C01}.Debug|Any CPU.ActiveCfg = Debug|Any CPU
		{8B3F1A2C-9D4E-4B7A-9C1F-2E5A6B8D9C01}.Debug|Any CPU.Build.0 = Debug|Any CPU
		{8B3F1A2C-9D4E-4B7A-9C1F-2E5A6B8D9C01}.Release|Any CPU.ActiveCfg = Release|Any CPU
		{8B3F1A2C-9D4E-4B7A-9C1F-2E5A6B8D9C01}.Release|Any CPU.Build.0 = Release|Any CPU
	EndGlobalSection
	GlobalSection(SolutionProperties) = preSolution
		HideSolutionNode = FALSE
	EndGlobalSection
	GlobalSection(ExtensibilityGlobals) = postSolution
		SolutionGuid = {2A4E7C3D-1B6F-4A8E-9D2C-3F7B5A6C8D02}
	EndGlobalSection
EndGlobal
